
Microsoft Visual Studio Solution File, Format Version 12.00
# Visual Studio Version 17
VisualStudioVersion = 17.14.36301.6 d17.14
MinimumVisualStudioVersion = 10.0.40219.1
Project("{FAE04EC0-301F-11D3-BF4B-00C04F79EFBC}") = "API", "API\API.csproj", "{9F0955AA-6E83-4A97-A8DB-4692D5E43F9D}"
EndProject
Global
	GlobalSection(SolutionConfigurationPlatforms) = preSolution
		Debug|Any CPU = Debug|Any CPU
		Release|Any CPU = Release|Any CPU
	EndGlobalSection
	GlobalSection(ProjectConfigurationPlatforms) = postSolution
		{9F0955AA-6E83-4A97-A8DB-4692D5E43F9D}.Debug|Any CPU.ActiveCfg = Debug|Any CPU
		{9F0955AA-6E83-4A97-A8DB-4692D5E43F9D}.Debug|Any CPU.Build.0 = Debug|Any CPU
		{9F0955AA-6E83-4A97-A8DB-4692D5E43F9D}.Release|Any CPU.ActiveCfg = Release|Any CPU
		{9F0955AA-6E83-4A97-A8DB-4692D5E43F9D}.Release|Any CPU.Build.0 = Release|Any CPU
	EndGlobalSection
	GlobalSection(SolutionProperties) = preSolution
		HideSolutionNode = FALSE
	EndGlobalSection
	GlobalSection(ExtensibilityGlobals) = postSolution
		SolutionGuid = {C5564823-6384-479F-8DFE-C7CEF6E30B79}
	EndGlobalSection
EndGlobal
